
Microsoft Visual Studio Solution File, Format Version 12.00
# Visual Studio Version 16
VisualStudioVersion = 16.0.30621.155
MinimumVisualStudioVersion = 10.0.40219.1
Project("{FAE04EC0-301F-11D3-BF4B-00C04F79EFBC}") = "DiskInventory", "DiskInventory\DiskInventory.csproj", "{2D7EE2A5-49D5-43CD-9BA1-DFBD09AFDA7A}"
EndProject
Global
	GlobalSection(SolutionConfigurationPlatforms) = preSolution
		Debug|Any CPU = Debug|Any CPU
		Release|Any CPU = Release|Any CPU
	EndGlobalSection
	GlobalSection(ProjectConfigurationPlatforms) = postSolution
		{2D7EE2A5-49D5-43CD-9BA1-DFBD09AFDA7A}.Debug|Any CPU.ActiveCfg = Debug|Any CPU
		{2D7EE2A5-49D5-43CD-9BA1-DFBD09AFDA7A}.Debug|Any CPU.Build.0 = Debug|Any CPU
		{2D7EE2A5-49D5-43CD-9BA1-DFBD09AFDA7A}.Release|Any CPU.ActiveCfg = Release|Any CPU
		{2D7EE2A5-49D5-43CD-9BA1-DFBD09AFDA7A}.Release|Any CPU.Build.0 = Release|Any CPU
	EndGlobalSection
	GlobalSection(SolutionProperties) = preSolution
		HideSolutionNode = FALSE
	EndGlobalSection
	GlobalSection(ExtensibilityGlobals) = postSolution
		SolutionGuid = {EDB64B20-DC5F-4FB7-93D5-2A500415A8AA}
	EndGlobalSection
EndGlobal
